{
    "_meta": {
        "hash": {
            "sha256": "2db9414a2d0dc45cc68f603c310250244b21040f154103097c87c08098e2d07a"
        },
        "pipfile-spec": 6,
        "requires": {
            "python_full_version": "3.10.11",
            "python_version": "3.10"
        },
        "sources": [
            {
                "name": "pypi",
                "url": "https://pypi.org/simple",
                "verify_ssl": true
            }
        ]
    },
    "default": {
        "prometheus-client": {
            "hashes": [
                "sha256:0836af6eb2c8f4fed712b2f279f6c0a8bbab29f9f4aa15276b91c7cb0d1616ab",
                "sha256:a03e35b359f14dd1630898543e2120addfdeacd1a6069c1367ae90fd93ad3f48"
            ],
            "index": "pypi",
            "version": "==0.16.0"
        }
    },
    "develop": {
        "prometheus-client": {
            "hashes": [
                "sha256:0836af6eb2c8f4fed712b2f279f6c0a8bbab29f9f4aa15276b91c7cb0d1616ab",
                "sha256:a03e35b359f14dd1630898543e2120addfdeacd1a6069c1367ae90fd93ad3f48"
            ],
            "index": "pypi",
            "version": "==0.16.0"
        }
    }
}
